
Microsoft Visual Studio Solution File, Format Version 12.00
# Visual Studio 15
VisualStudioVersion = 15.0.28307.1300
MinimumVisualStudioVersion = 10.0.40219.1
Project("{FAE04EC0-301F-11D3-BF4B-00C04F79EFBC}") = "HelloWorldApps", "HelloWorldApps\HelloWorldApps.csproj", "{3DCD3451-4C61-4753-A35C-C9D347AA14F0}"
EndProject
Global
	GlobalSection(SolutionConfigurationPlatforms) = preSolution
		Debug|Any CPU = Debug|Any CPU
		Release|Any CPU = Release|Any CPU
	EndGlobalSection
	GlobalSection(ProjectConfigurationPlatforms) = postSolution
		{3DCD3451-4C61-4753-A35C-C9D347AA14F0}.Debug|Any CPU.ActiveCfg = Debug|Any CPU
		{3DCD3451-4C61-4753-A35C-C9D347AA14F0}.Debug|Any CPU.Build.0 = Debug|Any CPU
		{3DCD3451-4C61-4753-A35C-C9D347AA14F0}.Release|Any CPU.ActiveCfg = Release|Any CPU
		{3DCD3451-4C61-4753-A35C-C9D347AA14F0}.Release|Any CPU.Build.0 = Release|Any CPU
	EndGlobalSection
	GlobalSection(SolutionProperties) = preSolution
		HideSolutionNode = FALSE
	EndGlobalSection
	GlobalSection(ExtensibilityGlobals) = postSolution
		SolutionGuid = {40059161-06E6-4EBE-9596-1540B7FEC3E9}
	EndGlobalSection
EndGlobal
