
Microsoft Visual Studio Solution File, Format Version 12.00
# Visual Studio Version 16
VisualStudioVersion = 16.0.31313.79
MinimumVisualStudioVersion = 10.0.40219.1
Project("{FAE04EC0-301F-11D3-BF4B-00C04F79EFBC}") = "AccountApp", "AccountApp\AccountApp.csproj", "{12E65086-2921-41F5-866E-0C02F3EC0316}"
EndProject
Global
	GlobalSection(SolutionConfigurationPlatforms) = preSolution
		Debug|Any CPU = Debug|Any CPU
		Release|Any CPU = Release|Any CPU
	EndGlobalSection
	GlobalSection(ProjectConfigurationPlatforms) = postSolution
		{12E65086-2921-41F5-866E-0C02F3EC0316}.Debug|Any CPU.ActiveCfg = Debug|Any CPU
		{12E65086-2921-41F5-866E-0C02F3EC0316}.Debug|Any CPU.Build.0 = Debug|Any CPU
		{12E65086-2921-41F5-866E-0C02F3EC0316}.Release|Any CPU.ActiveCfg = Release|Any CPU
		{12E65086-2921-41F5-866E-0C02F3EC0316}.Release|Any CPU.Build.0 = Release|Any CPU
	EndGlobalSection
	GlobalSection(SolutionProperties) = preSolution
		HideSolutionNode = FALSE
	EndGlobalSection
	GlobalSection(ExtensibilityGlobals) = postSolution
		SolutionGuid = {C5A6B517-385B-4DA7-8E21-E97FCCA69339}
	EndGlobalSection
EndGlobal
