
Microsoft Visual Studio Solution File, Format Version 12.00
# Visual Studio Version 16
VisualStudioVersion = 16.0.31313.79
MinimumVisualStudioVersion = 10.0.40219.1
Project("{FAE04EC0-301F-11D3-BF4B-00C04F79EFBC}") = "Week2A", "Week2A\Week2A.csproj", "{E0EADEDA-9B30-47BA-8CC9-357E8C8ED81F}"
EndProject
Global
	GlobalSection(SolutionConfigurationPlatforms) = preSolution
		Debug|Any CPU = Debug|Any CPU
		Release|Any CPU = Release|Any CPU
	EndGlobalSection
	GlobalSection(ProjectConfigurationPlatforms) = postSolution
		{E0EADEDA-9B30-47BA-8CC9-357E8C8ED81F}.Debug|Any CPU.ActiveCfg = Debug|Any CPU
		{E0EADEDA-9B30-47BA-8CC9-357E8C8ED81F}.Debug|Any CPU.Build.0 = Debug|Any CPU
		{E0EADEDA-9B30-47BA-8CC9-357E8C8ED81F}.Release|Any CPU.ActiveCfg = Release|Any CPU
		{E0EADEDA-9B30-47BA-8CC9-357E8C8ED81F}.Release|Any CPU.Build.0 = Release|Any CPU
	EndGlobalSection
	GlobalSection(SolutionProperties) = preSolution
		HideSolutionNode = FALSE
	EndGlobalSection
	GlobalSection(ExtensibilityGlobals) = postSolution
		SolutionGuid = {73AC90F0-E0BE-4070-8FB9-3A0E57CF0084}
	EndGlobalSection
EndGlobal
