
Microsoft Visual Studio Solution File, Format Version 12.00
# Visual Studio 15
VisualStudioVersion = 15.0.28307.1300
MinimumVisualStudioVersion = 10.0.40219.1
Project("{FAE04EC0-301F-11D3-BF4B-00C04F79EFBC}") = "AdoDataGridView", "AdoDataGridView\AdoDataGridView.csproj", "{9A61F24B-77A7-472C-9A3F-3C9A01907FDE}"
EndProject
Global
	GlobalSection(SolutionConfigurationPlatforms) = preSolution
		Debug|Any CPU = Debug|Any CPU
		Release|Any CPU = Release|Any CPU
	EndGlobalSection
	GlobalSection(ProjectConfigurationPlatforms) = postSolution
		{9A61F24B-77A7-472C-9A3F-3C9A01907FDE}.Debug|Any CPU.ActiveCfg = Debug|Any CPU
		{9A61F24B-77A7-472C-9A3F-3C9A01907FDE}.Debug|Any CPU.Build.0 = Debug|Any CPU
		{9A61F24B-77A7-472C-9A3F-3C9A01907FDE}.Release|Any CPU.ActiveCfg = Release|Any CPU
		{9A61F24B-77A7-472C-9A3F-3C9A01907FDE}.Release|Any CPU.Build.0 = Release|Any CPU
	EndGlobalSection
	GlobalSection(SolutionProperties) = preSolution
		HideSolutionNode = FALSE
	EndGlobalSection
	GlobalSection(ExtensibilityGlobals) = postSolution
		SolutionGuid = {2333DB4A-E10B-494E-9F42-F85C4605F506}
	EndGlobalSection
EndGlobal
